<?xml version="1.0" encoding="utf-8"?>
<Project ToolsVersion="4.0" xmlns="http://schemas.microsoft.com/developer/msbuild/2003">
  <ItemGroup>
    <Filter Include="Sources">
      <UniqueIdentifier>{8b7ed093-66ce-4096-96d2-fbb9faa4bf52}</UniqueIdentifier>
    </Filter>
    <Filter Include="Sources\Modules">
      <UniqueIdentifier>{7b418be2-1631-4a31-9ef2-8a8b234a7339}</UniqueIdentifier>
    </Filter>
    <Filter Include="Sources\Containers">
      <UniqueIdentifier>{afc36133-f401-499a-aa33-0da1e500fb52}</UniqueIdentifier>
    </Filter>
    <Filter Include="Sources\Tools">
      <UniqueIdentifier>{7e4dfaf7-022c-4f7d-92aa-f3b3fa9d6248}</UniqueIdentifier>
    </Filter>
    <Filter Include="Sources\Helpers">
      <UniqueIdentifier>{121f8e6b-df36-4ab0-be0d-601ddfc9e503}</UniqueIdentifier>
    </Filter>
    <Filter Include="Sources\ImGui">
      <UniqueIdentifier>{8450d3ca-2a2f-46f8-aef2-8b26dfeb11dc}</UniqueIdentifier>
    </Filter>
    <Filter Include="Sources\Modules\Scenes">
      <UniqueIdentifier>{83f46af7-e02f-40c0-9e56-41d76082527b}</UniqueIdentifier>
    </Filter>
    <Filter Include="Sources\Modules\Editor">
      <UniqueIdentifier>{3a95d047-de31-4de0-9d4b-9165e6b658a1}</UniqueIdentifier>
    </Filter>
    <Filter Include="Sources\JSON Parser">
      <UniqueIdentifier>{45ecb5ad-1b26-4c8f-9696-8e5bb1ac9341}</UniqueIdentifier>
    </Filter>
  </ItemGroup>
  <ItemGroup>
    <ClInclude Include="Source\Color.h">
      <Filter>Sources\Containers</Filter>
    </ClInclude>
    <ClInclude Include="Source\glmath.h">
      <Filter>Sources\Containers</Filter>
    </ClInclude>
    <ClInclude Include="Source\Light.h">
      <Filter>Sources\Helpers</Filter>
    </ClInclude>
    <ClInclude Include="Source\Primitive.h">
      <Filter>Sources\Helpers</Filter>
    </ClInclude>
    <ClInclude Include="Source\ModuleSceneIntro.h">
      <Filter>Sources\Modules\Scenes</Filter>
    </ClInclude>
    <ClInclude Include="Source\Module.h">
      <Filter>Sources\Modules</Filter>
    </ClInclude>
    <ClInclude Include="Source\ModuleCamera3D.h">
      <Filter>Sources\Modules</Filter>
    </ClInclude>
    <ClInclude Include="Source\ModuleInput.h">
      <Filter>Sources\Modules</Filter>
    </ClInclude>
    <ClInclude Include="Source\ModuleRenderer3D.h">
      <Filter>Sources\Modules</Filter>
    </ClInclude>
    <ClInclude Include="Source\ModuleWindow.h">
      <Filter>Sources\Modules</Filter>
    </ClInclude>
    <ClInclude Include="Source\Timer.h">
      <Filter>Sources\Tools</Filter>
    </ClInclude>
    <ClInclude Include="Source\Application.h">
      <Filter>Sources</Filter>
    </ClInclude>
    <ClInclude Include="Source\Globals.h">
      <Filter>Sources</Filter>
    </ClInclude>
    <ClInclude Include="Source\External\ImGui\imconfig.h">
      <Filter>Sources\ImGui</Filter>
    </ClInclude>
    <ClInclude Include="Source\External\ImGui\imgui.h">
      <Filter>Sources\ImGui</Filter>
    </ClInclude>
    <ClInclude Include="Source\External\ImGui\imgui_impl_sdl.h">
      <Filter>Sources\ImGui</Filter>
    </ClInclude>
    <ClInclude Include="Source\External\ImGui\imgui_internal.h">
      <Filter>Sources\ImGui</Filter>
    </ClInclude>
    <ClInclude Include="Source\External\ImGui\imstb_rectpack.h">
      <Filter>Sources\ImGui</Filter>
    </ClInclude>
    <ClInclude Include="Source\External\ImGui\imstb_textedit.h">
      <Filter>Sources\ImGui</Filter>
    </ClInclude>
    <ClInclude Include="Source\External\ImGui\imstb_truetype.h">
      <Filter>Sources\ImGui</Filter>
    </ClInclude>
    <ClInclude Include="Source\ModuleEditor.h">
      <Filter>Sources\Modules\Editor</Filter>
    </ClInclude>
    <ClInclude Include="Source\External\imgui\imgui_impl_opengl3.h">
      <Filter>Sources\ImGui</Filter>
    </ClInclude>
    <ClInclude Include="Source\External\imgui\imgui_impl_opengl3_loader.h">
      <Filter>Sources\ImGui</Filter>
    </ClInclude>
    <ClInclude Include="Source\External\JSON Parser\json.hpp">
      <Filter>Sources\JSON Parser</Filter>
    </ClInclude>
  </ItemGroup>
  <ItemGroup>
    <ClCompile Include="Source\Color.cpp">
      <Filter>Sources\Containers</Filter>
    </ClCompile>
    <ClCompile Include="Source\glmath.cpp">
      <Filter>Sources\Containers</Filter>
    </ClCompile>
    <ClCompile Include="Source\Light.cpp">
      <Filter>Sources\Helpers</Filter>
    </ClCompile>
    <ClCompile Include="Source\Primitive.cpp">
      <Filter>Sources\Helpers</Filter>
    </ClCompile>
    <ClCompile Include="Source\ModuleSceneIntro.cpp">
      <Filter>Sources\Modules\Scenes</Filter>
    </ClCompile>
    <ClCompile Include="Source\ModuleCamera3D.cpp">
      <Filter>Sources\Modules</Filter>
    </ClCompile>
    <ClCompile Include="Source\ModuleInput.cpp">
      <Filter>Sources\Modules</Filter>
    </ClCompile>
    <ClCompile Include="Source\ModuleRenderer3D.cpp">
      <Filter>Sources\Modules</Filter>
    </ClCompile>
    <ClCompile Include="Source\ModuleWindow.cpp">
      <Filter>Sources\Modules</Filter>
    </ClCompile>
    <ClCompile Include="Source\Log.cpp">
      <Filter>Sources\Tools</Filter>
    </ClCompile>
    <ClCompile Include="Source\Timer.cpp">
      <Filter>Sources\Tools</Filter>
    </ClCompile>
    <ClCompile Include="Source\Application.cpp">
      <Filter>Sources</Filter>
    </ClCompile>
    <ClCompile Include="Source\Main.cpp">
      <Filter>Sources</Filter>
    </ClCompile>
    <ClCompile Include="Source\External\ImGui\imgui.cpp">
      <Filter>Sources\ImGui</Filter>
    </ClCompile>
    <ClCompile Include="Source\External\ImGui\imgui_demo.cpp">
      <Filter>Sources\ImGui</Filter>
    </ClCompile>
    <ClCompile Include="Source\External\ImGui\imgui_draw.cpp">
      <Filter>Sources\ImGui</Filter>
    </ClCompile>
    <ClCompile Include="Source\External\ImGui\imgui_impl_sdl.cpp">
      <Filter>Sources\ImGui</Filter>
    </ClCompile>
    <ClCompile Include="Source\External\ImGui\imgui_tables.cpp">
      <Filter>Sources\ImGui</Filter>
    </ClCompile>
    <ClCompile Include="Source\External\ImGui\imgui_widgets.cpp">
      <Filter>Sources\ImGui</Filter>
    </ClCompile>
    <ClCompile Include="Source\ModuleEditor.cpp">
      <Filter>Sources\Modules\Editor</Filter>
    </ClCompile>
    <ClCompile Include="Source\External\imgui\imgui_impl_opengl3.cpp">
      <Filter>Sources\ImGui</Filter>
    </ClCompile>
  </ItemGroup>
</Project>