<?xml version="1.0" encoding="utf-8"?>
<Project ToolsVersion="4.0" xmlns="http://schemas.microsoft.com/developer/msbuild/2003">
  <ItemGroup>
    <Filter Include="Sources">
      <UniqueIdentifier>{8b7ed093-66ce-4096-96d2-fbb9faa4bf52}</UniqueIdentifier>
    </Filter>
    <Filter Include="Sources\Modules">
      <UniqueIdentifier>{7b418be2-1631-4a31-9ef2-8a8b234a7339}</UniqueIdentifier>
    </Filter>
    <Filter Include="Sources\Containers">
      <UniqueIdentifier>{afc36133-f401-499a-aa33-0da1e500fb52}</UniqueIdentifier>
    </Filter>
    <Filter Include="Sources\Tools">
      <UniqueIdentifier>{7e4dfaf7-022c-4f7d-92aa-f3b3fa9d6248}</UniqueIdentifier>
    </Filter>
    <Filter Include="Sources\Helpers">
      <UniqueIdentifier>{121f8e6b-df36-4ab0-be0d-601ddfc9e503}</UniqueIdentifier>
    </Filter>
    <Filter Include="Sources\ImGui">
      <UniqueIdentifier>{8450d3ca-2a2f-46f8-aef2-8b26dfeb11dc}</UniqueIdentifier>
    </Filter>
    <Filter Include="Sources\Modules\Scenes">
      <UniqueIdentifier>{83f46af7-e02f-40c0-9e56-41d76082527b}</UniqueIdentifier>
    </Filter>
    <Filter Include="Sources\Modules\Editor">
      <UniqueIdentifier>{3a95d047-de31-4de0-9d4b-9165e6b658a1}</UniqueIdentifier>
    </Filter>
    <Filter Include="Sources\JSON Parser">
      <UniqueIdentifier>{45ecb5ad-1b26-4c8f-9696-8e5bb1ac9341}</UniqueIdentifier>
    </Filter>
    <Filter Include="Sources\Assimp">
      <UniqueIdentifier>{f92afa86-95c0-4cd9-9b0c-e25ee225716f}</UniqueIdentifier>
    </Filter>
    <Filter Include="Sources\GameObjects">
      <UniqueIdentifier>{bf6d612e-74ae-4f31-932c-587f8a4afaad}</UniqueIdentifier>
    </Filter>
    <Filter Include="Sources\GameObjects\Components">
      <UniqueIdentifier>{e1d0c965-17ee-48e3-be55-bc9969633751}</UniqueIdentifier>
    </Filter>
  </ItemGroup>
  <ItemGroup>
    <ClInclude Include="Source\Color.h">
      <Filter>Sources\Containers</Filter>
    </ClInclude>
    <ClInclude Include="Source\glmath.h">
      <Filter>Sources\Containers</Filter>
    </ClInclude>
    <ClInclude Include="Source\Light.h">
      <Filter>Sources\Helpers</Filter>
    </ClInclude>
    <ClInclude Include="Source\Primitive.h">
      <Filter>Sources\Helpers</Filter>
    </ClInclude>
    <ClInclude Include="Source\ModuleSceneIntro.h">
      <Filter>Sources\Modules\Scenes</Filter>
    </ClInclude>
    <ClInclude Include="Source\Module.h">
      <Filter>Sources\Modules</Filter>
    </ClInclude>
    <ClInclude Include="Source\ModuleCamera3D.h">
      <Filter>Sources\Modules</Filter>
    </ClInclude>
    <ClInclude Include="Source\ModuleInput.h">
      <Filter>Sources\Modules</Filter>
    </ClInclude>
    <ClInclude Include="Source\ModuleRenderer3D.h">
      <Filter>Sources\Modules</Filter>
    </ClInclude>
    <ClInclude Include="Source\ModuleWindow.h">
      <Filter>Sources\Modules</Filter>
    </ClInclude>
    <ClInclude Include="Source\Timer.h">
      <Filter>Sources\Tools</Filter>
    </ClInclude>
    <ClInclude Include="Source\Application.h">
      <Filter>Sources</Filter>
    </ClInclude>
    <ClInclude Include="Source\Globals.h">
      <Filter>Sources</Filter>
    </ClInclude>
    <ClInclude Include="Source\External\ImGui\imconfig.h">
      <Filter>Sources\ImGui</Filter>
    </ClInclude>
    <ClInclude Include="Source\External\ImGui\imgui.h">
      <Filter>Sources\ImGui</Filter>
    </ClInclude>
    <ClInclude Include="Source\External\ImGui\imgui_impl_sdl.h">
      <Filter>Sources\ImGui</Filter>
    </ClInclude>
    <ClInclude Include="Source\External\ImGui\imgui_internal.h">
      <Filter>Sources\ImGui</Filter>
    </ClInclude>
    <ClInclude Include="Source\External\ImGui\imstb_rectpack.h">
      <Filter>Sources\ImGui</Filter>
    </ClInclude>
    <ClInclude Include="Source\External\ImGui\imstb_textedit.h">
      <Filter>Sources\ImGui</Filter>
    </ClInclude>
    <ClInclude Include="Source\External\ImGui\imstb_truetype.h">
      <Filter>Sources\ImGui</Filter>
    </ClInclude>
    <ClInclude Include="Source\ModuleEditor.h">
      <Filter>Sources\Modules\Editor</Filter>
    </ClInclude>
    <ClInclude Include="Source\External\imgui\imgui_impl_opengl3.h">
      <Filter>Sources\ImGui</Filter>
    </ClInclude>
    <ClInclude Include="Source\External\imgui\imgui_impl_opengl3_loader.h">
      <Filter>Sources\ImGui</Filter>
    </ClInclude>
    <ClInclude Include="Source\External\JSON Parser\json.hpp">
      <Filter>Sources\JSON Parser</Filter>
    </ClInclude>
    <ClInclude Include="Mesh.h">
      <Filter>Sources\GameObjects\Components</Filter>
    </ClInclude>
    <ClInclude Include="Source\External\Assimp\include\aabb.h">
      <Filter>Sources\Assimp</Filter>
    </ClInclude>
    <ClInclude Include="Source\External\Assimp\include\ai_assert.h">
      <Filter>Sources\Assimp</Filter>
    </ClInclude>
    <ClInclude Include="Source\External\Assimp\include\anim.h">
      <Filter>Sources\Assimp</Filter>
    </ClInclude>
    <ClInclude Include="Source\External\Assimp\include\BaseImporter.h">
      <Filter>Sources\Assimp</Filter>
    </ClInclude>
    <ClInclude Include="Source\External\Assimp\include\Bitmap.h">
      <Filter>Sources\Assimp</Filter>
    </ClInclude>
    <ClInclude Include="Source\External\Assimp\include\BlobIOSystem.h">
      <Filter>Sources\Assimp</Filter>
    </ClInclude>
    <ClInclude Include="Source\External\Assimp\include\ByteSwapper.h">
      <Filter>Sources\Assimp</Filter>
    </ClInclude>
    <ClInclude Include="Source\External\Assimp\include\camera.h">
      <Filter>Sources\Assimp</Filter>
    </ClInclude>
    <ClInclude Include="Source\External\Assimp\include\cexport.h">
      <Filter>Sources\Assimp</Filter>
    </ClInclude>
    <ClInclude Include="Source\External\Assimp\include\cfileio.h">
      <Filter>Sources\Assimp</Filter>
    </ClInclude>
    <ClInclude Include="Source\External\Assimp\include\cimport.h">
      <Filter>Sources\Assimp</Filter>
    </ClInclude>
    <ClInclude Include="Source\External\Assimp\include\color4.h">
      <Filter>Sources\Assimp</Filter>
    </ClInclude>
    <ClInclude Include="Source\External\Assimp\include\config.h">
      <Filter>Sources\Assimp</Filter>
    </ClInclude>
    <ClInclude Include="Source\External\Assimp\include\CreateAnimMesh.h">
      <Filter>Sources\Assimp</Filter>
    </ClInclude>
    <ClInclude Include="Source\External\Assimp\include\DefaultIOStream.h">
      <Filter>Sources\Assimp</Filter>
    </ClInclude>
    <ClInclude Include="Source\External\Assimp\include\DefaultIOSystem.h">
      <Filter>Sources\Assimp</Filter>
    </ClInclude>
    <ClInclude Include="Source\External\Assimp\include\DefaultLogger.hpp">
      <Filter>Sources\Assimp</Filter>
    </ClInclude>
    <ClInclude Include="Source\External\Assimp\include\Defines.h">
      <Filter>Sources\Assimp</Filter>
    </ClInclude>
    <ClInclude Include="Source\External\Assimp\include\defs.h">
      <Filter>Sources\Assimp</Filter>
    </ClInclude>
    <ClInclude Include="Source\External\Assimp\include\Exceptional.h">
      <Filter>Sources\Assimp</Filter>
    </ClInclude>
    <ClInclude Include="Source\External\Assimp\include\Exporter.hpp">
      <Filter>Sources\Assimp</Filter>
    </ClInclude>
    <ClInclude Include="Source\External\Assimp\include\fast_atof.h">
      <Filter>Sources\Assimp</Filter>
    </ClInclude>
    <ClInclude Include="Source\External\Assimp\include\GenericProperty.h">
      <Filter>Sources\Assimp</Filter>
    </ClInclude>
    <ClInclude Include="Source\External\Assimp\include\Hash.h">
      <Filter>Sources\Assimp</Filter>
    </ClInclude>
    <ClInclude Include="Source\External\Assimp\include\Importer.hpp">
      <Filter>Sources\Assimp</Filter>
    </ClInclude>
    <ClInclude Include="Source\External\Assimp\include\importerdesc.h">
      <Filter>Sources\Assimp</Filter>
    </ClInclude>
    <ClInclude Include="Source\External\Assimp\include\IOStream.hpp">
      <Filter>Sources\Assimp</Filter>
    </ClInclude>
    <ClInclude Include="Source\External\Assimp\include\IOStreamBuffer.h">
      <Filter>Sources\Assimp</Filter>
    </ClInclude>
    <ClInclude Include="Source\External\Assimp\include\IOSystem.hpp">
      <Filter>Sources\Assimp</Filter>
    </ClInclude>
    <ClInclude Include="Source\External\Assimp\include\irrXMLWrapper.h">
      <Filter>Sources\Assimp</Filter>
    </ClInclude>
    <ClInclude Include="Source\External\Assimp\include\light.h">
      <Filter>Sources\Assimp</Filter>
    </ClInclude>
    <ClInclude Include="Source\External\Assimp\include\LineSplitter.h">
      <Filter>Sources\Assimp</Filter>
    </ClInclude>
    <ClInclude Include="Source\External\Assimp\include\LogAux.h">
      <Filter>Sources\Assimp</Filter>
    </ClInclude>
    <ClInclude Include="Source\External\Assimp\include\Logger.hpp">
      <Filter>Sources\Assimp</Filter>
    </ClInclude>
    <ClInclude Include="Source\External\Assimp\include\LogStream.hpp">
      <Filter>Sources\Assimp</Filter>
    </ClInclude>
    <ClInclude Include="Source\External\Assimp\include\Macros.h">
      <Filter>Sources\Assimp</Filter>
    </ClInclude>
    <ClInclude Include="Source\External\Assimp\include\material.h">
      <Filter>Sources\Assimp</Filter>
    </ClInclude>
    <ClInclude Include="Source\External\Assimp\include\MathFunctions.h">
      <Filter>Sources\Assimp</Filter>
    </ClInclude>
    <ClInclude Include="Source\External\Assimp\include\matrix3x3.h">
      <Filter>Sources\Assimp</Filter>
    </ClInclude>
    <ClInclude Include="Source\External\Assimp\include\matrix4x4.h">
      <Filter>Sources\Assimp</Filter>
    </ClInclude>
    <ClInclude Include="Source\External\Assimp\include\MemoryIOWrapper.h">
      <Filter>Sources\Assimp</Filter>
    </ClInclude>
    <ClInclude Include="Source\External\Assimp\include\mesh.h">
      <Filter>Sources\Assimp</Filter>
    </ClInclude>
    <ClInclude Include="Source\External\Assimp\include\metadata.h">
      <Filter>Sources\Assimp</Filter>
    </ClInclude>
    <ClInclude Include="Source\External\Assimp\include\NullLogger.hpp">
      <Filter>Sources\Assimp</Filter>
    </ClInclude>
    <ClInclude Include="Source\External\Assimp\include\ParsingUtils.h">
      <Filter>Sources\Assimp</Filter>
    </ClInclude>
    <ClInclude Include="Source\External\Assimp\include\pbrmaterial.h">
      <Filter>Sources\Assimp</Filter>
    </ClInclude>
    <ClInclude Include="Source\External\Assimp\include\postprocess.h">
      <Filter>Sources\Assimp</Filter>
    </ClInclude>
    <ClInclude Include="Source\External\Assimp\include\Profiler.h">
      <Filter>Sources\Assimp</Filter>
    </ClInclude>
    <ClInclude Include="Source\External\Assimp\include\ProgressHandler.hpp">
      <Filter>Sources\Assimp</Filter>
    </ClInclude>
    <ClInclude Include="Source\External\Assimp\include\qnan.h">
      <Filter>Sources\Assimp</Filter>
    </ClInclude>
    <ClInclude Include="Source\External\Assimp\include\quaternion.h">
      <Filter>Sources\Assimp</Filter>
    </ClInclude>
    <ClInclude Include="Source\External\Assimp\include\RemoveComments.h">
      <Filter>Sources\Assimp</Filter>
    </ClInclude>
    <ClInclude Include="Source\External\Assimp\include\scene.h">
      <Filter>Sources\Assimp</Filter>
    </ClInclude>
    <ClInclude Include="Source\External\Assimp\include\SceneCombiner.h">
      <Filter>Sources\Assimp</Filter>
    </ClInclude>
    <ClInclude Include="Source\External\Assimp\include\SGSpatialSort.h">
      <Filter>Sources\Assimp</Filter>
    </ClInclude>
    <ClInclude Include="Source\External\Assimp\include\SkeletonMeshBuilder.h">
      <Filter>Sources\Assimp</Filter>
    </ClInclude>
    <ClInclude Include="Source\External\Assimp\include\SmoothingGroups.h">
      <Filter>Sources\Assimp</Filter>
    </ClInclude>
    <ClInclude Include="Source\External\Assimp\include\SpatialSort.h">
      <Filter>Sources\Assimp</Filter>
    </ClInclude>
    <ClInclude Include="Source\External\Assimp\include\StandardShapes.h">
      <Filter>Sources\Assimp</Filter>
    </ClInclude>
    <ClInclude Include="Source\External\Assimp\include\StreamReader.h">
      <Filter>Sources\Assimp</Filter>
    </ClInclude>
    <ClInclude Include="Source\External\Assimp\include\StreamWriter.h">
      <Filter>Sources\Assimp</Filter>
    </ClInclude>
    <ClInclude Include="Source\External\Assimp\include\StringComparison.h">
      <Filter>Sources\Assimp</Filter>
    </ClInclude>
    <ClInclude Include="Source\External\Assimp\include\StringUtils.h">
      <Filter>Sources\Assimp</Filter>
    </ClInclude>
    <ClInclude Include="Source\External\Assimp\include\Subdivision.h">
      <Filter>Sources\Assimp</Filter>
    </ClInclude>
    <ClInclude Include="Source\External\Assimp\include\texture.h">
      <Filter>Sources\Assimp</Filter>
    </ClInclude>
    <ClInclude Include="Source\External\Assimp\include\TinyFormatter.h">
      <Filter>Sources\Assimp</Filter>
    </ClInclude>
    <ClInclude Include="Source\External\Assimp\include\types.h">
      <Filter>Sources\Assimp</Filter>
    </ClInclude>
    <ClInclude Include="Source\External\Assimp\include\vector2.h">
      <Filter>Sources\Assimp</Filter>
    </ClInclude>
    <ClInclude Include="Source\External\Assimp\include\vector3.h">
      <Filter>Sources\Assimp</Filter>
    </ClInclude>
    <ClInclude Include="Source\External\Assimp\include\version.h">
      <Filter>Sources\Assimp</Filter>
    </ClInclude>
    <ClInclude Include="Source\External\Assimp\include\Vertex.h">
      <Filter>Sources\Assimp</Filter>
    </ClInclude>
    <ClInclude Include="Source\External\Assimp\include\XMLTools.h">
      <Filter>Sources\Assimp</Filter>
    </ClInclude>
    <ClInclude Include="Source\External\Assimp\include\ZipArchiveIOSystem.h">
      <Filter>Sources\Assimp</Filter>
    </ClInclude>
    <ClInclude Include="GameObject.h">
      <Filter>Sources\GameObjects</Filter>
    </ClInclude>
  </ItemGroup>
  <ItemGroup>
    <ClCompile Include="Source\Color.cpp">
      <Filter>Sources\Containers</Filter>
    </ClCompile>
    <ClCompile Include="Source\glmath.cpp">
      <Filter>Sources\Containers</Filter>
    </ClCompile>
    <ClCompile Include="Source\Light.cpp">
      <Filter>Sources\Helpers</Filter>
    </ClCompile>
    <ClCompile Include="Source\Primitive.cpp">
      <Filter>Sources\Helpers</Filter>
    </ClCompile>
    <ClCompile Include="Source\ModuleSceneIntro.cpp">
      <Filter>Sources\Modules\Scenes</Filter>
    </ClCompile>
    <ClCompile Include="Source\ModuleCamera3D.cpp">
      <Filter>Sources\Modules</Filter>
    </ClCompile>
    <ClCompile Include="Source\ModuleInput.cpp">
      <Filter>Sources\Modules</Filter>
    </ClCompile>
    <ClCompile Include="Source\ModuleRenderer3D.cpp">
      <Filter>Sources\Modules</Filter>
    </ClCompile>
    <ClCompile Include="Source\ModuleWindow.cpp">
      <Filter>Sources\Modules</Filter>
    </ClCompile>
    <ClCompile Include="Source\Log.cpp">
      <Filter>Sources\Tools</Filter>
    </ClCompile>
    <ClCompile Include="Source\Timer.cpp">
      <Filter>Sources\Tools</Filter>
    </ClCompile>
    <ClCompile Include="Source\Application.cpp">
      <Filter>Sources</Filter>
    </ClCompile>
    <ClCompile Include="Source\Main.cpp">
      <Filter>Sources</Filter>
    </ClCompile>
    <ClCompile Include="Source\External\ImGui\imgui.cpp">
      <Filter>Sources\ImGui</Filter>
    </ClCompile>
    <ClCompile Include="Source\External\ImGui\imgui_demo.cpp">
      <Filter>Sources\ImGui</Filter>
    </ClCompile>
    <ClCompile Include="Source\External\ImGui\imgui_draw.cpp">
      <Filter>Sources\ImGui</Filter>
    </ClCompile>
    <ClCompile Include="Source\External\ImGui\imgui_impl_sdl.cpp">
      <Filter>Sources\ImGui</Filter>
    </ClCompile>
    <ClCompile Include="Source\External\ImGui\imgui_tables.cpp">
      <Filter>Sources\ImGui</Filter>
    </ClCompile>
    <ClCompile Include="Source\External\ImGui\imgui_widgets.cpp">
      <Filter>Sources\ImGui</Filter>
    </ClCompile>
    <ClCompile Include="Source\ModuleEditor.cpp">
      <Filter>Sources\Modules\Editor</Filter>
    </ClCompile>
    <ClCompile Include="Source\External\imgui\imgui_impl_opengl3.cpp">
      <Filter>Sources\ImGui</Filter>
    </ClCompile>
    <ClCompile Include="Mesh.cpp">
      <Filter>Sources\GameObjects\Components</Filter>
    </ClCompile>
    <ClCompile Include="GameObject.cpp">
      <Filter>Sources\GameObjects</Filter>
    </ClCompile>
  </ItemGroup>
  <ItemGroup>
    <None Include="Source\External\Assimp\include\color4.inl">
      <Filter>Sources\Assimp</Filter>
    </None>
    <None Include="Source\External\Assimp\include\config.h.in">
      <Filter>Sources\Assimp</Filter>
    </None>
    <None Include="Source\External\Assimp\include\material.inl">
      <Filter>Sources\Assimp</Filter>
    </None>
    <None Include="Source\External\Assimp\include\matrix3x3.inl">
      <Filter>Sources\Assimp</Filter>
    </None>
    <None Include="Source\External\Assimp\include\matrix4x4.inl">
      <Filter>Sources\Assimp</Filter>
    </None>
    <None Include="Source\External\Assimp\include\quaternion.inl">
      <Filter>Sources\Assimp</Filter>
    </None>
    <None Include="Source\External\Assimp\include\SmoothingGroups.inl">
      <Filter>Sources\Assimp</Filter>
    </None>
    <None Include="Source\External\Assimp\include\vector2.inl">
      <Filter>Sources\Assimp</Filter>
    </None>
    <None Include="Source\External\Assimp\include\vector3.inl">
      <Filter>Sources\Assimp</Filter>
    </None>
  </ItemGroup>
</Project>